// !$*UTF8*$!
{
	archiveVersion = 1;
	classes = {
	};
	objectVersion = 50;
	objects = {

/* Begin PBXBuildFile section */
		E56E79C8267926490015F86E /* AppDelegate.swift in Sources */ = {isa = PBXBuildFile; fileRef = E56E79C7267926490015F86E /* AppDelegate.swift */; };
		E56E79CA267926490015F86E /* SceneDelegate.swift in Sources */ = {isa = PBXBuildFile; fileRef = E56E79C9267926490015F86E /* SceneDelegate.swift */; };
		E56E79CC267926490015F86E /* ViewController.swift in Sources */ = {isa = PBXBuildFile; fileRef = E56E79CB267926490015F86E /* ViewController.swift */; };
		E56E79CF267926490015F86E /* Main.storyboard in Resources */ = {isa = PBXBuildFile; fileRef = E56E79CD267926490015F86E /* Main.storyboard */; };
		E56E79D2267926490015F86E /* kyra_alyssaPractice.xcdatamodeld in Sources */ = {isa = PBXBuildFile; fileRef = E56E79D0267926490015F86E /* kyra_alyssaPractice.xcdatamodeld */; };
		E56E79D42679264C0015F86E /* Assets.xcassets in Resources */ = {isa = PBXBuildFile; fileRef = E56E79D32679264C0015F86E /* Assets.xcassets */; };
		E56E79D72679264C0015F86E /* LaunchScreen.storyboard in Resources */ = {isa = PBXBuildFile; fileRef = E56E79D52679264C0015F86E /* LaunchScreen.storyboard */; };
/* End PBXBuildFile section */

/* Begin PBXFileReference section */
		E56E79C4267926490015F86E /* kyra&alyssaPractice.app */ = {isa = PBXFileReference; explicitFileType = wrapper.application; includeInIndex = 0; path = "kyra&alyssaPractice.app"; sourceTree = BUILT_PRODUCTS_DIR; };
		E56E79C7267926490015F86E /* AppDelegate.swift */ = {isa = PBXFileReference; lastKnownFileType = sourcecode.swift; path = AppDelegate.swift; sourceTree = "<group>"; };
		E56E79C9267926490015F86E /* SceneDelegate.swift */ = {isa = PBXFileReference; lastKnownFileType = sourcecode.swift; path = SceneDelegate.swift; sourceTree = "<group>"; };
		E56E79CB267926490015F86E /* ViewController.swift */ = {isa = PBXFileReference; lastKnownFileType = sourcecode.swift; path = ViewController.swift; sourceTree = "<group>"; };
		E56E79CE267926490015F86E /* Base */ = {isa = PBXFileReference; lastKnownFileType = file.storyboard; name = Base; path = Base.lproj/Main.storyboard; sourceTree = "<group>"; };
		E56E79D1267926490015F86E /* kyra_alyssaPractice.xcdatamodel */ = {isa = PBXFileReference; lastKnownFileType = wrapper.xcdatamodel; path = kyra_alyssaPractice.xcdatamodel; sourceTree = "<group>"; };
		E56E79D32679264C0015F86E /* Assets.xcassets */ = {isa = PBXFileReference; lastKnownFileType = folder.assetcatalog; path = Assets.xcassets; sourceTree = "<group>"; };
		E56E79D62679264C0015F86E /* Base */ = {isa = PBXFileReference; lastKnownFileType = file.storyboard; name = Base; path = Base.lproj/LaunchScreen.storyboard; sourceTree = "<group>"; };
		E56E79D82679264C0015F86E /* Info.plist */ = {isa = PBXFileReference; lastKnownFileType = text.plist.xml; path = Info.plist; sourceTree = "<group>"; };
/* End PBXFileReference section */

/* Begin PBXFrameworksBuildPhase section */
		E56E79C1267926490015F86E /* Frameworks */ = {
			isa = PBXFrameworksBuildPhase;
			buildActionMask = 2147483647;
			files = (
			);
			runOnlyForDeploymentPostprocessing = 0;
		};
/* End PBXFrameworksBuildPhase section */

/* Begin PBXGroup section */
		E56E79BB267926490015F86E = {
			isa = PBXGroup;
			children = (
				E56E79C6267926490015F86E /* kyra&alyssaPractice */,
				E56E79C5267926490015F86E /* Products */,
			);
			sourceTree = "<group>";
		};
		E56E79C5267926490015F86E /* Products */ = {
			isa = PBXGroup;
			children = (
				E56E79C4267926490015F86E /* kyra&alyssaPractice.app */,
			);
			name = Products;
			sourceTree = "<group>";
		};
		E56E79C6267926490015F86E /* kyra&alyssaPractice */ = {
			isa = PBXGroup;
			children = (
				E56E79C7267926490015F86E /* AppDelegate.swift */,
				E56E79C9267926490015F86E /* SceneDelegate.swift */,
				E56E79CB267926490015F86E /* ViewController.swift */,
				E56E79CD267926490015F86E /* Main.storyboard */,
				E56E79D32679264C0015F86E /* Assets.xcassets */,
				E56E79D52679264C0015F86E /* LaunchScreen.storyboard */,
				E56E79D82679264C0015F86E /* Info.plist */,
				E56E79D0267926490015F86E /* kyra_alyssaPractice.xcdatamodeld */,
			);
			path = "kyra&alyssaPractice";
			sourceTree = "<group>";
		};
/* End PBXGroup section */

/* Begin PBXNativeTarget section */
		E56E79C3267926490015F86E /* kyra&alyssaPractice */ = {
			isa = PBXNativeTarget;
			buildConfigurationList = E56E79DB2679264C0015F86E /* Build configuration list for PBXNativeTarget "kyra&alyssaPractice" */;
			buildPhases = (
				E56E79C0267926490015F86E /* Sources */,
				E56E79C1267926490015F86E /* Frameworks */,
				E56E79C2267926490015F86E /* Resources */,
			);
			buildRules = (
			);
			dependencies = (
			);
			name = "kyra&alyssaPractice";
			productName = "kyra&alyssaPractice";
			productReference = E56E79C4267926490015F86E /* kyra&alyssaPractice.app */;
			productType = "com.apple.product-type.application";
		};
/* End PBXNativeTarget section */

/* Begin PBXProject section */
		E56E79BC267926490015F86E /* Project object */ = {
			isa = PBXProject;
			attributes = {
				LastSwiftUpdateCheck = 1250;
				LastUpgradeCheck = 1250;
				TargetAttributes = {
					E56E79C3267926490015F86E = {
						CreatedOnToolsVersion = 12.5;
					};
				};
			};
			buildConfigurationList = E56E79BF267926490015F86E /* Build configuration list for PBXProject "kyra&alyssaPractice" */;
			compatibilityVersion = "Xcode 9.3";
			developmentRegion = en;
			hasScannedForEncodings = 0;
			knownRegions = (
				en,
				Base,
			);
			mainGroup = E56E79BB267926490015F86E;
			productRefGroup = E56E79C5267926490015F86E /* Products */;
			projectDirPath = "";
			projectRoot = "";
			targets = (
				E56E79C3267926490015F86E /* kyra&alyssaPractice */,
			);
		};
/* End PBXProject section */

/* Begin PBXResourcesBuildPhase section */
		E56E79C2267926490015F86E /* Resources */ = {
			isa = PBXResourcesBuildPhase;
			buildActionMask = 2147483647;
			files = (
				E56E79D72679264C0015F86E /* LaunchScreen.storyboard in Resources */,
				E56E79D42679264C0015F86E /* Assets.xcassets in Resources */,
				E56E79CF267926490015F86E /* Main.storyboard in Resources */,
			);
			runOnlyForDeploymentPostprocessing = 0;
		};
/* End PBXResourcesBuildPhase section */

/* Begin PBXSourcesBuildPhase section */
		E56E79C0267926490015F86E /* Sources */ = {
			isa = PBXSourcesBuildPhase;
			buildActionMask = 2147483647;
			files = (
				E56E79D2267926490015F86E /* kyra_alyssaPractice.xcdatamodeld in Sources */,
				E56E79CC267926490015F86E /* ViewController.swift in Sources */,
				E56E79C8267926490015F86E /* AppDelegate.swift in Sources */,
				E56E79CA267926490015F86E /* SceneDelegate.swift in Sources */,
			);
			runOnlyForDeploymentPostprocessing = 0;
		};
/* End PBXSourcesBuildPhase section */

/* Begin PBXVariantGroup section */
		E56E79CD267926490015F86E /* Main.storyboard */ = {
			isa = PBXVariantGroup;
			children = (
				E56E79CE267926490015F86E /* Base */,
			);
			name = Main.storyboard;
			sourceTree = "<group>";
		};
		E56E79D52679264C0015F86E /* LaunchScreen.storyboard */ = {
			isa = PBXVariantGroup;
			children = (
				E56E79D62679264C0015F86E /* Base */,
			);
			name = LaunchScreen.storyboard;
			sourceTree = "<group>";
		};
/* End PBXVariantGroup section */

/* Begin XCBuildConfiguration section */
		E56E79D92679264C0015F86E /* Debug */ = {
			isa = XCBuildConfiguration;
			buildSettings = {
				ALWAYS_SEARCH_USER_PATHS = NO;
				CLANG_ANALYZER_NONNULL = YES;
				CLANG_ANALYZER_NUMBER_OBJECT_CONVERSION = YES_AGGRESSIVE;
				CLANG_CXX_LANGUAGE_STANDARD = "gnu++14";
				CLANG_CXX_LIBRARY = "libc++";
				CLANG_ENABLE_MODULES = YES;
				CLANG_ENABLE_OBJC_ARC = YES;
				CLANG_ENABLE_OBJC_WEAK = YES;
				CLANG_WARN_BLOCK_CAPTURE_AUTORELEASING = YES;
				CLANG_WARN_BOOL_CONVERSION = YES;
				CLANG_WARN_COMMA = YES;
				CLANG_WARN_CONSTANT_CONVERSION = YES;
				CLANG_WARN_DEPRECATED_OBJC_IMPLEMENTATIONS = YES;
				CLANG_WARN_DIRECT_OBJC_ISA_USAGE = YES_ERROR;
				CLANG_WARN_DOCUMENTATION_COMMENTS = YES;
				CLANG_WARN_EMPTY_BODY = YES;
				CLANG_WARN_ENUM_CONVERSION = YES;
				CLANG_WARN_INFINITE_RECURSION = YES;
				CLANG_WARN_INT_CONVERSION = YES;
				CLANG_WARN_NON_LITERAL_NULL_CONVERSION = YES;
				CLANG_WARN_OBJC_IMPLICIT_RETAIN_SELF = YES;
				CLANG_WARN_OBJC_LITERAL_CONVERSION = YES;
				CLANG_WARN_OBJC_ROOT_CLASS = YES_ERROR;
				CLANG_WARN_QUOTED_INCLUDE_IN_FRAMEWORK_HEADER = YES;
				CLANG_WARN_RANGE_LOOP_ANALYSIS = YES;
				CLANG_WARN_STRICT_PROTOTYPES = YES;
				CLANG_WARN_SUSPICIOUS_MOVE = YES;
				CLANG_WARN_UNGUARDED_AVAILABILITY = YES_AGGRESSIVE;
				CLANG_WARN_UNREACHABLE_CODE = YES;
				CLANG_WARN__DUPLICATE_METHOD_MATCH = YES;
				COPY_PHASE_STRIP = NO;
				DEBUG_INFORMATION_FORMAT = dwarf;
				ENABLE_STRICT_OBJC_MSGSEND = YES;
				ENABLE_TESTABILITY = YES;
				GCC_C_LANGUAGE_STANDARD = gnu11;
				GCC_DYNAMIC_NO_PIC = NO;
				GCC_NO_COMMON_BLOCKS = YES;
				GCC_OPTIMIZATION_LEVEL = 0;
				GCC_PREPROCESSOR_DEFINITIONS = (
					"DEBUG=1",
					"$(inherited)",
				);
				GCC_WARN_64_TO_32_BIT_CONVERSION = YES;
				GCC_WARN_ABOUT_RETURN_TYPE = YES_ERROR;
				GCC_WARN_UNDECLARED_SELECTOR = YES;
				GCC_WARN_UNINITIALIZED_AUTOS = YES_AGGRESSIVE;
				GCC_WARN_UNUSED_FUNCTION = YES;
				GCC_WARN_UNUSED_VARIABLE = YES;
				IPHONEOS_DEPLOYMENT_TARGET = 14.5;
				MTL_ENABLE_DEBUG_INFO = INCLUDE_SOURCE;
				MTL_FAST_MATH = YES;
				ONLY_ACTIVE_ARCH = YES;
				SDKROOT = iphoneos;
				SWIFT_ACTIVE_COMPILATION_CONDITIONS = DEBUG;
				SWIFT_OPTIMIZATION_LEVEL = "-Onone";
			};
			name = Debug;
		};
		E56E79DA2679264C0015F86E /* Release */ = {
			isa = XCBuildConfiguration;
			buildSettings = {
				ALWAYS_SEARCH_USER_PATHS = NO;
				CLANG_ANALYZER_NONNULL = YES;
				CLANG_ANALYZER_NUMBER_OBJECT_CONVERSION = YES_AGGRESSIVE;
				CLANG_CXX_LANGUAGE_STANDARD = "gnu++14";
				CLANG_CXX_LIBRARY = "libc++";
				CLANG_ENABLE_MODULES = YES;
				CLANG_ENABLE_OBJC_ARC = YES;
				CLANG_ENABLE_OBJC_WEAK = YES;
				CLANG_WARN_BLOCK_CAPTURE_AUTORELEASING = YES;
				CLANG_WARN_BOOL_CONVERSION = YES;
				CLANG_WARN_COMMA = YES;
				CLANG_WARN_CONSTANT_CONVERSION = YES;
				CLANG_WARN_DEPRECATED_OBJC_IMPLEMENTATIONS = YES;
				CLANG_WARN_DIRECT_OBJC_ISA_USAGE = YES_ERROR;
				CLANG_WARN_DOCUMENTATION_COMMENTS = YES;
				CLANG_WARN_EMPTY_BODY = YES;
				CLANG_WARN_ENUM_CONVERSION = YES;
				CLANG_WARN_INFINITE_RECURSION = YES;
				CLANG_WARN_INT_CONVERSION = YES;
				CLANG_WARN_NON_LITERAL_NULL_CONVERSION = YES;
				CLANG_WARN_OBJC_IMPLICIT_RETAIN_SELF = YES;
				CLANG_WARN_OBJC_LITERAL_CONVERSION = YES;
				CLANG_WARN_OBJC_ROOT_CLASS = YES_ERROR;
				CLANG_WARN_QUOTED_INCLUDE_IN_FRAMEWORK_HEADER = YES;
				CLANG_WARN_RANGE_LOOP_ANALYSIS = YES;
				CLANG_WARN_STRICT_PROTOTYPES = YES;
				CLANG_WARN_SUSPICIOUS_MOVE = YES;
				CLANG_WARN_UNGUARDED_AVAILABILITY = YES_AGGRESSIVE;
				CLANG_WARN_UNREACHABLE_CODE = YES;
				CLANG_WARN__DUPLICATE_METHOD_MATCH = YES;
				COPY_PHASE_STRIP = NO;
				DEBUG_INFORMATION_FORMAT = "dwarf-with-dsym";
				ENABLE_NS_ASSERTIONS = NO;
				ENABLE_STRICT_OBJC_MSGSEND = YES;
				GCC_C_LANGUAGE_STANDARD = gnu11;
				GCC_NO_COMMON_BLOCKS = YES;
				GCC_WARN_64_TO_32_BIT_CONVERSION = YES;
				GCC_WARN_ABOUT_RETURN_TYPE = YES_ERROR;
				GCC_WARN_UNDECLARED_SELECTOR = YES;
				GCC_WARN_UNINITIALIZED_AUTOS = YES_AGGRESSIVE;
				GCC_WARN_UNUSED_FUNCTION = YES;
				GCC_WARN_UNUSED_VARIABLE = YES;
				IPHONEOS_DEPLOYMENT_TARGET = 14.5;
				MTL_ENABLE_DEBUG_INFO = NO;
				MTL_FAST_MATH = YES;
				SDKROOT = iphoneos;
				SWIFT_COMPILATION_MODE = wholemodule;
				SWIFT_OPTIMIZATION_LEVEL = "-O";
				VALIDATE_PRODUCT = YES;
			};
			name = Release;
		};
		E56E79DC2679264C0015F86E /* Debug */ = {
			isa = XCBuildConfiguration;
			buildSettings = {
				ASSETCATALOG_COMPILER_APPICON_NAME = AppIcon;
				ASSETCATALOG_COMPILER_GLOBAL_ACCENT_COLOR_NAME = AccentColor;
				CODE_SIGN_STYLE = Automatic;
				INFOPLIST_FILE = "kyra&alyssaPractice/Info.plist";
				LD_RUNPATH_SEARCH_PATHS = (
					"$(inherited)",
					"@executable_path/Frameworks",
				);
				PRODUCT_BUNDLE_IDENTIFIER = "example.kyra-alyssaPractice";
				PRODUCT_NAME = "$(TARGET_NAME)";
				SWIFT_VERSION = 5.0;
				TARGETED_DEVICE_FAMILY = "1,2";
			};
			name = Debug;
		};
		E56E79DD2679264C0015F86E /* Release */ = {
			isa = XCBuildConfiguration;
			buildSettings = {
				ASSETCATALOG_COMPILER_APPICON_NAME = AppIcon;
				ASSETCATALOG_COMPILER_GLOBAL_ACCENT_COLOR_NAME = AccentColor;
				CODE_SIGN_STYLE = Automatic;
				INFOPLIST_FILE = "kyra&alyssaPractice/Info.plist";
				LD_RUNPATH_SEARCH_PATHS = (
					"$(inherited)",
					"@executable_path/Frameworks",
				);
				PRODUCT_BUNDLE_IDENTIFIER = "example.kyra-alyssaPractice";
				PRODUCT_NAME = "$(TARGET_NAME)";
				SWIFT_VERSION = 5.0;
				TARGETED_DEVICE_FAMILY = "1,2";
			};
			name = Release;
		};
/* End XCBuildConfiguration section */

/* Begin XCConfigurationList section */
		E56E79BF267926490015F86E /* Build configuration list for PBXProject "kyra&alyssaPractice" */ = {
			isa = XCConfigurationList;
			buildConfigurations = (
				E56E79D92679264C0015F86E /* Debug */,
				E56E79DA2679264C0015F86E /* Release */,
			);
			defaultConfigurationIsVisible = 0;
			defaultConfigurationName = Release;
		};
		E56E79DB2679264C0015F86E /* Build configuration list for PBXNativeTarget "kyra&alyssaPractice" */ = {
			isa = XCConfigurationList;
			buildConfigurations = (
				E56E79DC2679264C0015F86E /* Debug */,
				E56E79DD2679264C0015F86E /* Release */,
			);
			defaultConfigurationIsVisible = 0;
			defaultConfigurationName = Release;
		};
/* End XCConfigurationList section */

/* Begin XCVersionGroup section */
		E56E79D0267926490015F86E /* kyra_alyssaPractice.xcdatamodeld */ = {
			isa = XCVersionGroup;
			children = (
				E56E79D1267926490015F86E /* kyra_alyssaPractice.xcdatamodel */,
			);
			currentVersion = E56E79D1267926490015F86E /* kyra_alyssaPractice.xcdatamodel */;
			path = kyra_alyssaPractice.xcdatamodeld;
			sourceTree = "<group>";
			versionGroupType = wrapper.xcdatamodel;
		};
/* End XCVersionGroup section */
	};
	rootObject = E56E79BC267926490015F86E /* Project object */;
}
